// !$*UTF8*$!
{
	archiveVersion = 1;
	classes = {
	};
	objectVersion = 46;
	objects = {

/* Begin PBXBuildFile section */
		DEEA596A1DC699BF00791B63 /* AppDelegate.swift in Sources */ = {isa = PBXBuildFile; fileRef = DEEA59691DC699BF00791B63 /* AppDelegate.swift */; };
		DEEA596F1DC699BF00791B63 /* Main.storyboard in Resources */ = {isa = PBXBuildFile; fileRef = DEEA596D1DC699BF00791B63 /* Main.storyboard */; };
		DEEA59711DC699BF00791B63 /* Assets.xcassets in Resources */ = {isa = PBXBuildFile; fileRef = DEEA59701DC699BF00791B63 /* Assets.xcassets */; };
		DEEA59741DC699BF00791B63 /* LaunchScreen.storyboard in Resources */ = {isa = PBXBuildFile; fileRef = DEEA59721DC699BF00791B63 /* LaunchScreen.storyboard */; };
		DEEA597F1DC6B19400791B63 /* RoundCornerBtn.swift in Sources */ = {isa = PBXBuildFile; fileRef = DEEA597E1DC6B19400791B63 /* RoundCornerBtn.swift */; };
		DEEA59811DC707CD00791B63 /* AvatarImg.swift in Sources */ = {isa = PBXBuildFile; fileRef = DEEA59801DC707CD00791B63 /* AvatarImg.swift */; };
		DEEA59831DC7088D00791B63 /* VentaCell.swift in Sources */ = {isa = PBXBuildFile; fileRef = DEEA59821DC7088D00791B63 /* VentaCell.swift */; };
		DEEA59851DC708EC00791B63 /* Constants.swift in Sources */ = {isa = PBXBuildFile; fileRef = DEEA59841DC708EC00791B63 /* Constants.swift */; };
		DEEA59871DC7093800791B63 /* CantidadLabel.swift in Sources */ = {isa = PBXBuildFile; fileRef = DEEA59861DC7093800791B63 /* CantidadLabel.swift */; };
/* End PBXBuildFile section */

/* Begin PBXFileReference section */
		DEEA59661DC699BF00791B63 /* MiInventario.app */ = {isa = PBXFileReference; explicitFileType = wrapper.application; includeInIndex = 0; path = MiInventario.app; sourceTree = BUILT_PRODUCTS_DIR; };
		DEEA59691DC699BF00791B63 /* AppDelegate.swift */ = {isa = PBXFileReference; lastKnownFileType = sourcecode.swift; path = AppDelegate.swift; sourceTree = "<group>"; };
		DEEA596E1DC699BF00791B63 /* Base */ = {isa = PBXFileReference; lastKnownFileType = file.storyboard; name = Base; path = Base.lproj/Main.storyboard; sourceTree = "<group>"; };
		DEEA59701DC699BF00791B63 /* Assets.xcassets */ = {isa = PBXFileReference; lastKnownFileType = folder.assetcatalog; path = Assets.xcassets; sourceTree = "<group>"; };
		DEEA59731DC699BF00791B63 /* Base */ = {isa = PBXFileReference; lastKnownFileType = file.storyboard; name = Base; path = Base.lproj/LaunchScreen.storyboard; sourceTree = "<group>"; };
		DEEA59751DC699BF00791B63 /* Info.plist */ = {isa = PBXFileReference; lastKnownFileType = text.plist.xml; path = Info.plist; sourceTree = "<group>"; };
		DEEA597E1DC6B19400791B63 /* RoundCornerBtn.swift */ = {isa = PBXFileReference; fileEncoding = 4; lastKnownFileType = sourcecode.swift; path = RoundCornerBtn.swift; sourceTree = "<group>"; };
		DEEA59801DC707CD00791B63 /* AvatarImg.swift */ = {isa = PBXFileReference; fileEncoding = 4; lastKnownFileType = sourcecode.swift; path = AvatarImg.swift; sourceTree = "<group>"; };
		DEEA59821DC7088D00791B63 /* VentaCell.swift */ = {isa = PBXFileReference; fileEncoding = 4; lastKnownFileType = sourcecode.swift; path = VentaCell.swift; sourceTree = "<group>"; };
		DEEA59841DC708EC00791B63 /* Constants.swift */ = {isa = PBXFileReference; fileEncoding = 4; lastKnownFileType = sourcecode.swift; path = Constants.swift; sourceTree = "<group>"; };
		DEEA59861DC7093800791B63 /* CantidadLabel.swift */ = {isa = PBXFileReference; fileEncoding = 4; lastKnownFileType = sourcecode.swift; path = CantidadLabel.swift; sourceTree = "<group>"; };
/* End PBXFileReference section */

/* Begin PBXFrameworksBuildPhase section */
		DEEA59631DC699BF00791B63 /* Frameworks */ = {
			isa = PBXFrameworksBuildPhase;
			buildActionMask = 2147483647;
			files = (
			);
			runOnlyForDeploymentPostprocessing = 0;
		};
/* End PBXFrameworksBuildPhase section */

/* Begin PBXGroup section */
		DEEA595D1DC699BF00791B63 = {
			isa = PBXGroup;
			children = (
				DEEA59681DC699BF00791B63 /* MiInventario */,
				DEEA59671DC699BF00791B63 /* Products */,
			);
			sourceTree = "<group>";
		};
		DEEA59671DC699BF00791B63 /* Products */ = {
			isa = PBXGroup;
			children = (
				DEEA59661DC699BF00791B63 /* MiInventario.app */,
			);
			name = Products;
			sourceTree = "<group>";
		};
		DEEA59681DC699BF00791B63 /* MiInventario */ = {
			isa = PBXGroup;
			children = (
				DEEA59841DC708EC00791B63 /* Constants.swift */,
				DEEA597B1DC6B10F00791B63 /* Model */,
				DEEA597C1DC6B11800791B63 /* View */,
				DEEA597D1DC6B11F00791B63 /* Controller */,
				DEEA59691DC699BF00791B63 /* AppDelegate.swift */,
				DEEA596D1DC699BF00791B63 /* Main.storyboard */,
				DEEA59701DC699BF00791B63 /* Assets.xcassets */,
				DEEA59721DC699BF00791B63 /* LaunchScreen.storyboard */,
				DEEA59751DC699BF00791B63 /* Info.plist */,
			);
			path = MiInventario;
			sourceTree = "<group>";
		};
		DEEA597B1DC6B10F00791B63 /* Model */ = {
			isa = PBXGroup;
			children = (
			);
			name = Model;
			sourceTree = "<group>";
		};
		DEEA597C1DC6B11800791B63 /* View */ = {
			isa = PBXGroup;
			children = (
				DEEA59861DC7093800791B63 /* CantidadLabel.swift */,
				DEEA597E1DC6B19400791B63 /* RoundCornerBtn.swift */,
				DEEA59801DC707CD00791B63 /* AvatarImg.swift */,
				DEEA59821DC7088D00791B63 /* VentaCell.swift */,
			);
			name = View;
			sourceTree = "<group>";
		};
		DEEA597D1DC6B11F00791B63 /* Controller */ = {
			isa = PBXGroup;
			children = (
			);
			name = Controller;
			sourceTree = "<group>";
		};
/* End PBXGroup section */

/* Begin PBXNativeTarget section */
		DEEA59651DC699BF00791B63 /* MiInventario */ = {
			isa = PBXNativeTarget;
			buildConfigurationList = DEEA59781DC699BF00791B63 /* Build configuration list for PBXNativeTarget "MiInventario" */;
			buildPhases = (
				DEEA59621DC699BF00791B63 /* Sources */,
				DEEA59631DC699BF00791B63 /* Frameworks */,
				DEEA59641DC699BF00791B63 /* Resources */,
			);
			buildRules = (
			);
			dependencies = (
			);
			name = MiInventario;
			productName = MiInventario;
			productReference = DEEA59661DC699BF00791B63 /* MiInventario.app */;
			productType = "com.apple.product-type.application";
		};
/* End PBXNativeTarget section */

/* Begin PBXProject section */
		DEEA595E1DC699BF00791B63 /* Project object */ = {
			isa = PBXProject;
			attributes = {
				LastSwiftUpdateCheck = 0810;
				LastUpgradeCheck = 0810;
				ORGANIZATIONNAME = Llamas;
				TargetAttributes = {
					DEEA59651DC699BF00791B63 = {
						CreatedOnToolsVersion = 8.1;
						DevelopmentTeam = 66J86YUD8Z;
						ProvisioningStyle = Automatic;
					};
				};
			};
			buildConfigurationList = DEEA59611DC699BF00791B63 /* Build configuration list for PBXProject "MiInventario" */;
			compatibilityVersion = "Xcode 3.2";
			developmentRegion = English;
			hasScannedForEncodings = 0;
			knownRegions = (
				en,
				Base,
			);
			mainGroup = DEEA595D1DC699BF00791B63;
			productRefGroup = DEEA59671DC699BF00791B63 /* Products */;
			projectDirPath = "";
			projectRoot = "";
			targets = (
				DEEA59651DC699BF00791B63 /* MiInventario */,
			);
		};
/* End PBXProject section */

/* Begin PBXResourcesBuildPhase section */
		DEEA59641DC699BF00791B63 /* Resources */ = {
			isa = PBXResourcesBuildPhase;
			buildActionMask = 2147483647;
			files = (
				DEEA59741DC699BF00791B63 /* LaunchScreen.storyboard in Resources */,
				DEEA59711DC699BF00791B63 /* Assets.xcassets in Resources */,
				DEEA596F1DC699BF00791B63 /* Main.storyboard in Resources */,
			);
			runOnlyForDeploymentPostprocessing = 0;
		};
/* End PBXResourcesBuildPhase section */

/* Begin PBXSourcesBuildPhase section */
		DEEA59621DC699BF00791B63 /* Sources */ = {
			isa = PBXSourcesBuildPhase;
			buildActionMask = 2147483647;
			files = (
				DEEA59871DC7093800791B63 /* CantidadLabel.swift in Sources */,
				DEEA59851DC708EC00791B63 /* Constants.swift in Sources */,
				DEEA597F1DC6B19400791B63 /* RoundCornerBtn.swift in Sources */,
				DEEA596A1DC699BF00791B63 /* AppDelegate.swift in Sources */,
				DEEA59811DC707CD00791B63 /* AvatarImg.swift in Sources */,
				DEEA59831DC7088D00791B63 /* VentaCell.swift in Sources */,
			);
			runOnlyForDeploymentPostprocessing = 0;
		};
/* End PBXSourcesBuildPhase section */

/* Begin PBXVariantGroup section */
		DEEA596D1DC699BF00791B63 /* Main.storyboard */ = {
			isa = PBXVariantGroup;
			children = (
				DEEA596E1DC699BF00791B63 /* Base */,
			);
			name = Main.storyboard;
			sourceTree = "<group>";
		};
		DEEA59721DC699BF00791B63 /* LaunchScreen.storyboard */ = {
			isa = PBXVariantGroup;
			children = (
				DEEA59731DC699BF00791B63 /* Base */,
			);
			name = LaunchScreen.storyboard;
			sourceTree = "<group>";
		};
/* End PBXVariantGroup section */

/* Begin XCBuildConfiguration section */
		DEEA59761DC699BF00791B63 /* Debug */ = {
			isa = XCBuildConfiguration;
			buildSettings = {
				ALWAYS_SEARCH_USER_PATHS = NO;
				CLANG_ANALYZER_NONNULL = YES;
				CLANG_CXX_LANGUAGE_STANDARD = "gnu++0x";
				CLANG_CXX_LIBRARY = "libc++";
				CLANG_ENABLE_MODULES = YES;
				CLANG_ENABLE_OBJC_ARC = YES;
				CLANG_WARN_BOOL_CONVERSION = YES;
				CLANG_WARN_CONSTANT_CONVERSION = YES;
				CLANG_WARN_DIRECT_OBJC_ISA_USAGE = YES_ERROR;
				CLANG_WARN_DOCUMENTATION_COMMENTS = YES;
				CLANG_WARN_EMPTY_BODY = YES;
				CLANG_WARN_ENUM_CONVERSION = YES;
				CLANG_WARN_INFINITE_RECURSION = YES;
				CLANG_WARN_INT_CONVERSION = YES;
				CLANG_WARN_OBJC_ROOT_CLASS = YES_ERROR;
				CLANG_WARN_SUSPICIOUS_MOVES = YES;
				CLANG_WARN_UNREACHABLE_CODE = YES;
				CLANG_WARN__DUPLICATE_METHOD_MATCH = YES;
				"CODE_SIGN_IDENTITY[sdk=iphoneos*]" = "iPhone Developer";
				COPY_PHASE_STRIP = NO;
				DEBUG_INFORMATION_FORMAT = dwarf;
				ENABLE_STRICT_OBJC_MSGSEND = YES;
				ENABLE_TESTABILITY = YES;
				GCC_C_LANGUAGE_STANDARD = gnu99;
				GCC_DYNAMIC_NO_PIC = NO;
				GCC_NO_COMMON_BLOCKS = YES;
				GCC_OPTIMIZATION_LEVEL = 0;
				GCC_PREPROCESSOR_DEFINITIONS = (
					"DEBUG=1",
					"$(inherited)",
				);
				GCC_WARN_64_TO_32_BIT_CONVERSION = YES;
				GCC_WARN_ABOUT_RETURN_TYPE = YES_ERROR;
				GCC_WARN_UNDECLARED_SELECTOR = YES;
				GCC_WARN_UNINITIALIZED_AUTOS = YES_AGGRESSIVE;
				GCC_WARN_UNUSED_FUNCTION = YES;
				GCC_WARN_UNUSED_VARIABLE = YES;
				IPHONEOS_DEPLOYMENT_TARGET = 10.1;
				MTL_ENABLE_DEBUG_INFO = YES;
				ONLY_ACTIVE_ARCH = YES;
				SDKROOT = iphoneos;
				SWIFT_ACTIVE_COMPILATION_CONDITIONS = DEBUG;
				SWIFT_OPTIMIZATION_LEVEL = "-Onone";
				TARGETED_DEVICE_FAMILY = "1,2";
			};
			name = Debug;
		};
		DEEA59771DC699BF00791B63 /* Release */ = {
			isa = XCBuildConfiguration;
			buildSettings = {
				ALWAYS_SEARCH_USER_PATHS = NO;
				CLANG_ANALYZER_NONNULL = YES;
				CLANG_CXX_LANGUAGE_STANDARD = "gnu++0x";
				CLANG_CXX_LIBRARY = "libc++";
				CLANG_ENABLE_MODULES = YES;
				CLANG_ENABLE_OBJC_ARC = YES;
				CLANG_WARN_BOOL_CONVERSION = YES;
				CLANG_WARN_CONSTANT_CONVERSION = YES;
				CLANG_WARN_DIRECT_OBJC_ISA_USAGE = YES_ERROR;
				CLANG_WARN_DOCUMENTATION_COMMENTS = YES;
				CLANG_WARN_EMPTY_BODY = YES;
				CLANG_WARN_ENUM_CONVERSION = YES;
				CLANG_WARN_INFINITE_RECURSION = YES;
				CLANG_WARN_INT_CONVERSION = YES;
				CLANG_WARN_OBJC_ROOT_CLASS = YES_ERROR;
				CLANG_WARN_SUSPICIOUS_MOVES = YES;
				CLANG_WARN_UNREACHABLE_CODE = YES;
				CLANG_WARN__DUPLICATE_METHOD_MATCH = YES;
				"CODE_SIGN_IDENTITY[sdk=iphoneos*]" = "iPhone Developer";
				COPY_PHASE_STRIP = NO;
				DEBUG_INFORMATION_FORMAT = "dwarf-with-dsym";
				ENABLE_NS_ASSERTIONS = NO;
				ENABLE_STRICT_OBJC_MSGSEND = YES;
				GCC_C_LANGUAGE_STANDARD = gnu99;
				GCC_NO_COMMON_BLOCKS = YES;
				GCC_WARN_64_TO_32_BIT_CONVERSION = YES;
				GCC_WARN_ABOUT_RETURN_TYPE = YES_ERROR;
				GCC_WARN_UNDECLARED_SELECTOR = YES;
				GCC_WARN_UNINITIALIZED_AUTOS = YES_AGGRESSIVE;
				GCC_WARN_UNUSED_FUNCTION = YES;
				GCC_WARN_UNUSED_VARIABLE = YES;
				IPHONEOS_DEPLOYMENT_TARGET = 10.1;
				MTL_ENABLE_DEBUG_INFO = NO;
				SDKROOT = iphoneos;
				SWIFT_OPTIMIZATION_LEVEL = "-Owholemodule";
				TARGETED_DEVICE_FAMILY = "1,2";
				VALIDATE_PRODUCT = YES;
			};
			name = Release;
		};
		DEEA59791DC699BF00791B63 /* Debug */ = {
			isa = XCBuildConfiguration;
			buildSettings = {
				ASSETCATALOG_COMPILER_APPICON_NAME = AppIcon;
				DEVELOPMENT_TEAM = 66J86YUD8Z;
				INFOPLIST_FILE = MiInventario/Info.plist;
				LD_RUNPATH_SEARCH_PATHS = "$(inherited) @executable_path/Frameworks";
				PRODUCT_BUNDLE_IDENTIFIER = com.llamas.miinventario;
				PRODUCT_NAME = "$(TARGET_NAME)";
				SWIFT_VERSION = 3.0;
			};
			name = Debug;
		};
		DEEA597A1DC699BF00791B63 /* Release */ = {
			isa = XCBuildConfiguration;
			buildSettings = {
				ASSETCATALOG_COMPILER_APPICON_NAME = AppIcon;
				DEVELOPMENT_TEAM = 66J86YUD8Z;
				INFOPLIST_FILE = MiInventario/Info.plist;
				LD_RUNPATH_SEARCH_PATHS = "$(inherited) @executable_path/Frameworks";
				PRODUCT_BUNDLE_IDENTIFIER = com.llamas.miinventario;
				PRODUCT_NAME = "$(TARGET_NAME)";
				SWIFT_VERSION = 3.0;
			};
			name = Release;
		};
/* End XCBuildConfiguration section */

/* Begin XCConfigurationList section */
		DEEA59611DC699BF00791B63 /* Build configuration list for PBXProject "MiInventario" */ = {
			isa = XCConfigurationList;
			buildConfigurations = (
				DEEA59761DC699BF00791B63 /* Debug */,
				DEEA59771DC699BF00791B63 /* Release */,
			);
			defaultConfigurationIsVisible = 0;
			defaultConfigurationName = Release;
		};
		DEEA59781DC699BF00791B63 /* Build configuration list for PBXNativeTarget "MiInventario" */ = {
			isa = XCConfigurationList;
			buildConfigurations = (
				DEEA59791DC699BF00791B63 /* Debug */,
				DEEA597A1DC699BF00791B63 /* Release */,
			);
			defaultConfigurationIsVisible = 0;
		};
/* End XCConfigurationList section */
	};
	rootObject = DEEA595E1DC699BF00791B63 /* Project object */;
}
